
Microsoft Visual Studio Solution File, Format Version 12.00
# Visual Studio Version 17
VisualStudioVersion = 17.1.32228.430
MinimumVisualStudioVersion = 10.0.40219.1
Project("{9A19103F-16F7-4668-BE54-9A1E7A4F7556}") = "API", "API\API.csproj", "{27843729-3B8A-4ECA-81C9-8BD8AB4552E9}"
EndProject
Project("{9A19103F-16F7-4668-BE54-9A1E7A4F7556}") = "Core", "Core\Core.csproj", "{9DC0B609-8E74-431B-AFC5-0512A9781432}"
EndProject
Project("{9A19103F-16F7-4668-BE54-9A1E7A4F7556}") = "Infrastructure", "Infrastructure\Infrastructure.csproj", "{24053AF2-163C-45DF-BB63-5D247D204C9B}"
EndProject
Project("{E24C65DC-7377-472B-9ABA-BC803B73C61A}") = "Client", "Client\", "{5224F2FB-7645-4DCE-86F8-872D66DEFDC5}"
	ProjectSection(WebsiteProperties) = preProject
		TargetFrameworkMoniker = ".NETFramework,Version%3Dv4.0"
		Debug.AspNetCompiler.VirtualPath = "/localhost_59598"
		Debug.AspNetCompiler.PhysicalPath = "Client\"
		Debug.AspNetCompiler.TargetPath = "PrecompiledWeb\localhost_59598\"
		Debug.AspNetCompiler.Updateable = "true"
		Debug.AspNetCompiler.ForceOverwrite = "true"
		Debug.AspNetCompiler.FixedNames = "false"
		Debug.AspNetCompiler.Debug = "True"
		Release.AspNetCompiler.VirtualPath = "/localhost_59598"
		Release.AspNetCompiler.PhysicalPath = "Client\"
		Release.AspNetCompiler.TargetPath = "PrecompiledWeb\localhost_59598\"
		Release.AspNetCompiler.Updateable = "true"
		Release.AspNetCompiler.ForceOverwrite = "true"
		Release.AspNetCompiler.FixedNames = "false"
		Release.AspNetCompiler.Debug = "False"
		VWDPort = "59598"
		SlnRelativePath = "Client\"
	EndProjectSection
EndProject
Global
	GlobalSection(SolutionConfigurationPlatforms) = preSolution
		Debug|Any CPU = Debug|Any CPU
		Release|Any CPU = Release|Any CPU
	EndGlobalSection
	GlobalSection(ProjectConfigurationPlatforms) = postSolution
		{27843729-3B8A-4ECA-81C9-8BD8AB4552E9}.Debug|Any CPU.ActiveCfg = Debug|Any CPU
		{27843729-3B8A-4ECA-81C9-8BD8AB4552E9}.Debug|Any CPU.Build.0 = Debug|Any CPU
		{27843729-3B8A-4ECA-81C9-8BD8AB4552E9}.Release|Any CPU.ActiveCfg = Release|Any CPU
		{27843729-3B8A-4ECA-81C9-8BD8AB4552E9}.Release|Any CPU.Build.0 = Release|Any CPU
		{9DC0B609-8E74-431B-AFC5-0512A9781432}.Debug|Any CPU.ActiveCfg = Debug|Any CPU
		{9DC0B609-8E74-431B-AFC5-0512A9781432}.Debug|Any CPU.Build.0 = Debug|Any CPU
		{9DC0B609-8E74-431B-AFC5-0512A9781432}.Release|Any CPU.ActiveCfg = Release|Any CPU
		{9DC0B609-8E74-431B-AFC5-0512A9781432}.Release|Any CPU.Build.0 = Release|Any CPU
		{24053AF2-163C-45DF-BB63-5D247D204C9B}.Debug|Any CPU.ActiveCfg = Debug|Any CPU
		{24053AF2-163C-45DF-BB63-5D247D204C9B}.Debug|Any CPU.Build.0 = Debug|Any CPU
		{24053AF2-163C-45DF-BB63-5D247D204C9B}.Release|Any CPU.ActiveCfg = Release|Any CPU
		{24053AF2-163C-45DF-BB63-5D247D204C9B}.Release|Any CPU.Build.0 = Release|Any CPU
		{5224F2FB-7645-4DCE-86F8-872D66DEFDC5}.Debug|Any CPU.ActiveCfg = Debug|Any CPU
		{5224F2FB-7645-4DCE-86F8-872D66DEFDC5}.Debug|Any CPU.Build.0 = Debug|Any CPU
		{5224F2FB-7645-4DCE-86F8-872D66DEFDC5}.Release|Any CPU.ActiveCfg = Debug|Any CPU
		{5224F2FB-7645-4DCE-86F8-872D66DEFDC5}.Release|Any CPU.Build.0 = Debug|Any CPU
	EndGlobalSection
	GlobalSection(SolutionProperties) = preSolution
		HideSolutionNode = FALSE
	EndGlobalSection
	GlobalSection(ExtensibilityGlobals) = postSolution
		SolutionGuid = {434C05EF-9337-472D-9D1A-65E5705087EB}
	EndGlobalSection
EndGlobal
